Microsoft Visual Studio Solution File, Format Version 11.00
# Visual Studio 2008

Project("{0F85B549-FE1F-2D3F-869E-4C95BF74091D}") = "Evol", "Assembly-CSharp.csproj", "{881CB4E8-DD7B-7F67-B289-30E8E1F59CBC}"
EndProject
Global
	GlobalSection(SolutionConfigurationPlatforms) = preSolution
		Debug|Any CPU = Debug|Any CPU
		Release|Any CPU = Release|Any CPU
	EndGlobalSection
	GlobalSection(ProjectConfigurationPlatforms) = postSolution
		{881CB4E8-DD7B-7F67-B289-30E8E1F59CBC}.Debug|Any CPU.ActiveCfg = Debug|Any CPU
		{881CB4E8-DD7B-7F67-B289-30E8E1F59CBC}.Debug|Any CPU.Build.0 = Debug|Any CPU
		{881CB4E8-DD7B-7F67-B289-30E8E1F59CBC}.Release|Any CPU.ActiveCfg = Release|Any CPU
		{881CB4E8-DD7B-7F67-B289-30E8E1F59CBC}.Release|Any CPU.Build.0 = Release|Any CPU
	EndGlobalSection
	GlobalSection(SolutionProperties) = preSolution
		HideSolutionNode = FALSE
	EndGlobalSection
	GlobalSection(MonoDevelopProperties) = preSolution
		StartupItem = Assembly-CSharp.csproj
	EndGlobalSection
EndGlobal
